lockfileVersion: '6.0'

importers:

  packages/a:
    dependencies:
      b:
        specifier: 1.0.0
        version: link:../b
      c:
        specifier: 1.0.0
        version: link:../c

  packages/b:
    dependencies:
      c:
        specifier: 1.0.0
        version: link:../c

  packages/c: {}
