dependencies:
  apn: 2.2.0
lockfileVersion: 5
packages:
  /apn/2.2.0:
    dependencies:
      debug: 3.2.6
      http2: github.com/node-apn/node-http2/archive/apn-2.1.4.tar.gz
      jsonwebtoken: 8.5.1
      node-forge: 0.7.6
      verror: 1.10.0
    dev: false
    engines:
      node: '>= 4.6.0'
    resolution:
      integrity: sha512-YIypYzPVJA9wzNBLKZ/mq2l1IZX/2FadPvwmSv4ZeR0VH7xdNITQ6Pucgh0Uw6ZZKC+XwheaJ57DFZAhJ0FvPg==
  /assert-plus/1.0.0:
    dev: false
    engines:
      node: '>=0.8'
    resolution:
      integrity: sha1-8S4PPF13sLHN2RRpQuTpbB5N1SU=
  /buffer-equal-constant-time/1.0.1:
    dev: false
    resolution:
      integrity: sha1-+OcRMvf/5uAaXJaXpMbz5I1cyBk=
  /core-util-is/1.0.2:
    dev: false
    resolution:
      integrity: sha1-tf1UIgqivFq1eqtxQMlAdUUDwac=
  /debug/3.2.6:
    dependencies:
      ms: 2.1.2
    dev: false
    resolution:
      integrity: sha512-mel+jf7nrtEl5Pn1Qx46zARXKDpBbvzezse7p7LqINmdoIk8PYP5SySaxEmYv6TZ0JyEKA1hsCId6DIhgITtWQ==
  /ecdsa-sig-formatter/1.0.11:
    dependencies:
      safe-buffer: 5.1.2
    dev: false
    resolution:
      integrity: sha512-nagl3RYrbNv6kQkeJIpt6NJZy8twLB/2vtz6yN9Z4vRKHN4/QZJIEbqohALSgwKdnksuY3k5Addp5lg8sVoVcQ==
  /extsprintf/1.4.0:
    dev: false
    engines:
      '0': node >=0.6.0
    resolution:
      integrity: sha1-4mifjzVvrWLMplo6kcXfX5VRaS8=
  /jsonwebtoken/8.5.1:
    dependencies:
      jws: 3.2.2
      lodash.includes: 4.3.0
      lodash.isboolean: 3.0.3
      lodash.isinteger: 4.0.4
      lodash.isnumber: 3.0.3
      lodash.isplainobject: 4.0.6
      lodash.isstring: 4.0.1
      lodash.once: 4.1.1
      ms: 2.1.2
      semver: 5.7.0
    dev: false
    engines:
      node: '>=4'
      npm: '>=1.4.28'
    resolution:
      integrity: sha512-XjwVfRS6jTMsqYs0EsuJ4LGxXV14zQybNd4L2r0UvbVnSF9Af8x7p5MzbJ90Ioz/9TI41/hTCvznF/loiSzn8w==
  /jwa/1.4.1:
    dependencies:
      buffer-equal-constant-time: 1.0.1
      ecdsa-sig-formatter: 1.0.11
      safe-buffer: 5.1.2
    dev: false
    resolution:
      integrity: sha512-qiLX/xhEEFKUAJ6FiBMbes3w9ATzyk5W7Hvzpa/SLYdxNtng+gcurvrI7TbACjIXlsJyr05/S1oUhZrc63evQA==
  /jws/3.2.2:
    dependencies:
      jwa: 1.4.1
      safe-buffer: 5.1.2
    dev: false
    resolution:
      integrity: sha512-YHlZCB6lMTllWDtSPHz/ZXTsi8S00usEV6v1tjq8tOUZzw7DpSDWVXjXDre6ed1w/pd495ODpHZYSdkRTsa0HA==
  /lodash.includes/4.3.0:
    dev: false
    resolution:
      integrity: sha1-YLuYqHy5I8aMoeUTJUgzFISfVT8=
  /lodash.isboolean/3.0.3:
    dev: false
    resolution:
      integrity: sha1-bC4XHbKiV82WgC/UOwGyDV9YcPY=
  /lodash.isinteger/4.0.4:
    dev: false
    resolution:
      integrity: sha1-YZwK89A/iwTDH1iChAt3sRzWg0M=
  /lodash.isnumber/3.0.3:
    dev: false
    resolution:
      integrity: sha1-POdoEMWSjQM1IwGsKHMX8RwLH/w=
  /lodash.isplainobject/4.0.6:
    dev: false
    resolution:
      integrity: sha1-fFJqUtibRcRcxpC4gWO+BJf1UMs=
  /lodash.isstring/4.0.1:
    dev: false
    resolution:
      integrity: sha1-1SfftUVuynzJu5XV2ur4i6VKVFE=
  /lodash.once/4.1.1:
    dev: false
    resolution:
      integrity: sha1-DdOXEhPHxW34gJd9UEyI+0cal6w=
  /ms/2.1.2:
    dev: false
    resolution:
      integrity: sha512-sGkPx+VjMtmA6MX27oA4FBFELFCZZ4S4XqeGOXCv68tT+jb3vk/RyaKWP0PTKyWtmLSM0b+adUTEvbs1PEaH2w==
  /node-forge/0.7.6:
    dev: false
    resolution:
      integrity: sha512-sol30LUpz1jQFBjOKwbjxijiE3b6pjd74YwfD0fJOKPjF+fONKb2Yg8rYgS6+bK6VDl+/wfr4IYpC7jDzLUIfw==
  /safe-buffer/5.1.2:
    dev: false
    resolution:
      integrity: sha512-Gd2UZBJDkXlY7GbJxfsE8/nvKkUEU1G38c1siN6QP6a9PT9MmHB8GnpscSmMJSoF8LOIrt8ud/wPtojys4G6+g==
  /semver/5.7.0:
    dev: false
    hasBin: true
    resolution:
      integrity: sha512-Ya52jSX2u7QKghxeoFGpLwCtGlt7j0oY9DYb5apt9nPlJ42ID+ulTXESnt/qAQcoSERyZ5sl3LDIOw0nAn/5DA==
  /verror/1.10.0:
    dependencies:
      assert-plus: 1.0.0
      core-util-is: 1.0.2
      extsprintf: 1.4.0
    dev: false
    engines:
      '0': node >=0.6.0
    resolution:
      integrity: sha1-OhBcoXBTr1XW4nDB+CiGguGNpAA=
  github.com/node-apn/node-http2/archive/apn-2.1.4.tar.gz:
    dev: false
    engines:
      node: '>=0.12.0'
    name: http2
    resolution:
      tarball: 'https://github.com/node-apn/node-http2/archive/apn-2.1.4.tar.gz'
    version: 3.3.6
specifiers:
  apn: ^2.2.0
